
Microsoft Visual Studio Solution File, Format Version 12.00
# Visual Studio Version 16
VisualStudioVersion = 16.0.31025.194
MinimumVisualStudioVersion = 10.0.40219.1
Project("{FAE04EC0-301F-11D3-BF4B-00C04F79EFBC}") = "kolos_apbd", "kolos_apbd.csproj", "{F6933EBA-6797-4111-BAFA-7ED1609BA804}"
EndProject
Global
	GlobalSection(SolutionConfigurationPlatforms) = preSolution
		Debug|Any CPU = Debug|Any CPU
		Release|Any CPU = Release|Any CPU
	EndGlobalSection
	GlobalSection(ProjectConfigurationPlatforms) = postSolution
		{F6933EBA-6797-4111-BAFA-7ED1609BA804}.Debug|Any CPU.ActiveCfg = Debug|Any CPU
		{F6933EBA-6797-4111-BAFA-7ED1609BA804}.Debug|Any CPU.Build.0 = Debug|Any CPU
		{F6933EBA-6797-4111-BAFA-7ED1609BA804}.Release|Any CPU.ActiveCfg = Release|Any CPU
		{F6933EBA-6797-4111-BAFA-7ED1609BA804}.Release|Any CPU.Build.0 = Release|Any CPU
	EndGlobalSection
	GlobalSection(SolutionProperties) = preSolution
		HideSolutionNode = FALSE
	EndGlobalSection
	GlobalSection(ExtensibilityGlobals) = postSolution
		SolutionGuid = {B48CA4E7-DE57-4D24-AB64-571C854C844C}
	EndGlobalSection
EndGlobal
